// !$*UTF8*$!
{
	archiveVersion = 1;
	classes = {
	};
	objectVersion = 50;
	objects = {

/* Begin PBXBuildFile section */
		57CEEA3821C32E700025495E /* AppDelegate.swift in Sources */ = {isa = PBXBuildFile; fileRef = 57CEEA3721C32E700025495E /* AppDelegate.swift */; };
		57CEEA3D21C32E700025495E /* Main.storyboard in Resources */ = {isa = PBXBuildFile; fileRef = 57CEEA3B21C32E700025495E /* Main.storyboard */; };
		57CEEA4021C32E700025495E /* BMI_Calculator.xcdatamodeld in Sources */ = {isa = PBXBuildFile; fileRef = 57CEEA3E21C32E700025495E /* BMI_Calculator.xcdatamodeld */; };
		57CEEA4221C32E730025495E /* Assets.xcassets in Resources */ = {isa = PBXBuildFile; fileRef = 57CEEA4121C32E730025495E /* Assets.xcassets */; };
		57CEEA4521C32E730025495E /* LaunchScreen.storyboard in Resources */ = {isa = PBXBuildFile; fileRef = 57CEEA4321C32E730025495E /* LaunchScreen.storyboard */; };
		57CEEA4D21C32ED50025495E /* Bmi.jpg in Resources */ = {isa = PBXBuildFile; fileRef = 57CEEA4C21C32ED50025495E /* Bmi.jpg */; };
		57CEEA4F21C3309D0025495E /* bmi2.jpg.png in Resources */ = {isa = PBXBuildFile; fileRef = 57CEEA4E21C3309D0025495E /* bmi2.jpg.png */; };
/* End PBXBuildFile section */

/* Begin PBXFileReference section */
		57CEEA3421C32E700025495E /* BMI Calculator.app */ = {isa = PBXFileReference; explicitFileType = wrapper.application; includeInIndex = 0; path = "BMI Calculator.app"; sourceTree = BUILT_PRODUCTS_DIR; };
		57CEEA3721C32E700025495E /* AppDelegate.swift */ = {isa = PBXFileReference; lastKnownFileType = sourcecode.swift; path = AppDelegate.swift; sourceTree = "<group>"; };
		57CEEA3C21C32E700025495E /* Base */ = {isa = PBXFileReference; lastKnownFileType = file.storyboard; name = Base; path = Base.lproj/Main.storyboard; sourceTree = "<group>"; };
		57CEEA3F21C32E700025495E /* BMI_Calculator.xcdatamodel */ = {isa = PBXFileReference; lastKnownFileType = wrapper.xcdatamodel; path = BMI_Calculator.xcdatamodel; sourceTree = "<group>"; };
		57CEEA4121C32E730025495E /* Assets.xcassets */ = {isa = PBXFileReference; lastKnownFileType = folder.assetcatalog; path = Assets.xcassets; sourceTree = "<group>"; };
		57CEEA4421C32E730025495E /* Base */ = {isa = PBXFileReference; lastKnownFileType = file.storyboard; name = Base; path = Base.lproj/LaunchScreen.storyboard; sourceTree = "<group>"; };
		57CEEA4621C32E730025495E /* Info.plist */ = {isa = PBXFileReference; lastKnownFileType = text.plist.xml; path = Info.plist; sourceTree = "<group>"; };
		57CEEA4C21C32ED50025495E /* Bmi.jpg */ = {isa = PBXFileReference; lastKnownFileType = image.jpeg; path = Bmi.jpg; sourceTree = "<group>"; };
		57CEEA4E21C3309D0025495E /* bmi2.jpg.png */ = {isa = PBXFileReference; lastKnownFileType = image.png; path = bmi2.jpg.png; sourceTree = "<group>"; };
/* End PBXFileReference section */

/* Begin PBXFrameworksBuildPhase section */
		57CEEA3121C32E700025495E /* Frameworks */ = {
			isa = PBXFrameworksBuildPhase;
			buildActionMask = 2147483647;
			files = (
			);
			runOnlyForDeploymentPostprocessing = 0;
		};
/* End PBXFrameworksBuildPhase section */

/* Begin PBXGroup section */
		57CEEA2B21C32E700025495E = {
			isa = PBXGroup;
			children = (
				57CEEA3621C32E700025495E /* BMI Calculator */,
				57CEEA3521C32E700025495E /* Products */,
			);
			sourceTree = "<group>";
		};
		57CEEA3521C32E700025495E /* Products */ = {
			isa = PBXGroup;
			children = (
				57CEEA3421C32E700025495E /* BMI Calculator.app */,
			);
			name = Products;
			sourceTree = "<group>";
		};
		57CEEA3621C32E700025495E /* BMI Calculator */ = {
			isa = PBXGroup;
			children = (
				57CEEA3721C32E700025495E /* AppDelegate.swift */,
				57CEEA3B21C32E700025495E /* Main.storyboard */,
				57CEEA4121C32E730025495E /* Assets.xcassets */,
				57CEEA4321C32E730025495E /* LaunchScreen.storyboard */,
				57CEEA4E21C3309D0025495E /* bmi2.jpg.png */,
				57CEEA4C21C32ED50025495E /* Bmi.jpg */,
				57CEEA4621C32E730025495E /* Info.plist */,
				57CEEA3E21C32E700025495E /* BMI_Calculator.xcdatamodeld */,
			);
			path = "BMI Calculator";
			sourceTree = "<group>";
		};
/* End PBXGroup section */

/* Begin PBXNativeTarget section */
		57CEEA3321C32E700025495E /* BMI Calculator */ = {
			isa = PBXNativeTarget;
			buildConfigurationList = 57CEEA4921C32E730025495E /* Build configuration list for PBXNativeTarget "BMI Calculator" */;
			buildPhases = (
				57CEEA3021C32E700025495E /* Sources */,
				57CEEA3121C32E700025495E /* Frameworks */,
				57CEEA3221C32E700025495E /* Resources */,
			);
			buildRules = (
			);
			dependencies = (
			);
			name = "BMI Calculator";
			productName = "BMI Calculator";
			productReference = 57CEEA3421C32E700025495E /* BMI Calculator.app */;
			productType = "com.apple.product-type.application";
		};
/* End PBXNativeTarget section */

/* Begin PBXProject section */
		57CEEA2C21C32E700025495E /* Project object */ = {
			isa = PBXProject;
			attributes = {
				LastSwiftUpdateCheck = 1010;
				LastUpgradeCheck = 1010;
				ORGANIZATIONNAME = "centennial college";
				TargetAttributes = {
					57CEEA3321C32E700025495E = {
						CreatedOnToolsVersion = 10.1;
					};
				};
			};
			buildConfigurationList = 57CEEA2F21C32E700025495E /* Build configuration list for PBXProject "BMI Calculator" */;
			compatibilityVersion = "Xcode 9.3";
			developmentRegion = en;
			hasScannedForEncodings = 0;
			knownRegions = (
				en,
				Base,
			);
			mainGroup = 57CEEA2B21C32E700025495E;
			productRefGroup = 57CEEA3521C32E700025495E /* Products */;
			projectDirPath = "";
			projectRoot = "";
			targets = (
				57CEEA3321C32E700025495E /* BMI Calculator */,
			);
		};
/* End PBXProject section */

/* Begin PBXResourcesBuildPhase section */
		57CEEA3221C32E700025495E /* Resources */ = {
			isa = PBXResourcesBuildPhase;
			buildActionMask = 2147483647;
			files = (
				57CEEA4521C32E730025495E /* LaunchScreen.storyboard in Resources */,
				57CEEA4221C32E730025495E /* Assets.xcassets in Resources */,
				57CEEA4D21C32ED50025495E /* Bmi.jpg in Resources */,
				57CEEA4F21C3309D0025495E /* bmi2.jpg.png in Resources */,
				57CEEA3D21C32E700025495E /* Main.storyboard in Resources */,
			);
			runOnlyForDeploymentPostprocessing = 0;
		};
/* End PBXResourcesBuildPhase section */

/* Begin PBXSourcesBuildPhase section */
		57CEEA3021C32E700025495E /* Sources */ = {
			isa = PBXSourcesBuildPhase;
			buildActionMask = 2147483647;
			files = (
				57CEEA3821C32E700025495E /* AppDelegate.swift in Sources */,
				57CEEA4021C32E700025495E /* BMI_Calculator.xcdatamodeld in Sources */,
			);
			runOnlyForDeploymentPostprocessing = 0;
		};
/* End PBXSourcesBuildPhase section */

/* Begin PBXVariantGroup section */
		57CEEA3B21C32E700025495E /* Main.storyboard */ = {
			isa = PBXVariantGroup;
			children = (
				57CEEA3C21C32E700025495E /* Base */,
			);
			name = Main.storyboard;
			sourceTree = "<group>";
		};
		57CEEA4321C32E730025495E /* LaunchScreen.storyboard */ = {
			isa = PBXVariantGroup;
			children = (
				57CEEA4421C32E730025495E /* Base */,
			);
			name = LaunchScreen.storyboard;
			sourceTree = "<group>";
		};
/* End PBXVariantGroup section */

/* Begin XCBuildConfiguration section */
		57CEEA4721C32E730025495E /* Debug */ = {
			isa = XCBuildConfiguration;
			buildSettings = {
				ALWAYS_SEARCH_USER_PATHS = NO;
				CLANG_ANALYZER_NONNULL = YES;
				CLANG_ANALYZER_NUMBER_OBJECT_CONVERSION = YES_AGGRESSIVE;
				CLANG_CXX_LANGUAGE_STANDARD = "gnu++14";
				CLANG_CXX_LIBRARY = "libc++";
				CLANG_ENABLE_MODULES = YES;
				CLANG_ENABLE_OBJC_ARC = YES;
				CLANG_ENABLE_OBJC_WEAK = YES;
				CLANG_WARN_BLOCK_CAPTURE_AUTORELEASING = YES;
				CLANG_WARN_BOOL_CONVERSION = YES;
				CLANG_WARN_COMMA = YES;
				CLANG_WARN_CONSTANT_CONVERSION = YES;
				CLANG_WARN_DEPRECATED_OBJC_IMPLEMENTATIONS = YES;
				CLANG_WARN_DIRECT_OBJC_ISA_USAGE = YES_ERROR;
				CLANG_WARN_DOCUMENTATION_COMMENTS = YES;
				CLANG_WARN_EMPTY_BODY = YES;
				CLANG_WARN_ENUM_CONVERSION = YES;
				CLANG_WARN_INFINITE_RECURSION = YES;
				CLANG_WARN_INT_CONVERSION = YES;
				CLANG_WARN_NON_LITERAL_NULL_CONVERSION = YES;
				CLANG_WARN_OBJC_IMPLICIT_RETAIN_SELF = YES;
				CLANG_WARN_OBJC_LITERAL_CONVERSION = YES;
				CLANG_WARN_OBJC_ROOT_CLASS = YES_ERROR;
				CLANG_WARN_RANGE_LOOP_ANALYSIS = YES;
				CLANG_WARN_STRICT_PROTOTYPES = YES;
				CLANG_WARN_SUSPICIOUS_MOVE = YES;
				CLANG_WARN_UNGUARDED_AVAILABILITY = YES_AGGRESSIVE;
				CLANG_WARN_UNREACHABLE_CODE = YES;
				CLANG_WARN__DUPLICATE_METHOD_MATCH = YES;
				CODE_SIGN_IDENTITY = "iPhone Developer";
				COPY_PHASE_STRIP = NO;
				DEBUG_INFORMATION_FORMAT = dwarf;
				ENABLE_STRICT_OBJC_MSGSEND = YES;
				ENABLE_TESTABILITY = YES;
				GCC_C_LANGUAGE_STANDARD = gnu11;
				GCC_DYNAMIC_NO_PIC = NO;
				GCC_NO_COMMON_BLOCKS = YES;
				GCC_OPTIMIZATION_LEVEL = 0;
				GCC_PREPROCESSOR_DEFINITIONS = (
					"DEBUG=1",
					"$(inherited)",
				);
				GCC_WARN_64_TO_32_BIT_CONVERSION = YES;
				GCC_WARN_ABOUT_RETURN_TYPE = YES_ERROR;
				GCC_WARN_UNDECLARED_SELECTOR = YES;
				GCC_WARN_UNINITIALIZED_AUTOS = YES_AGGRESSIVE;
				GCC_WARN_UNUSED_FUNCTION = YES;
				GCC_WARN_UNUSED_VARIABLE = YES;
				IPHONEOS_DEPLOYMENT_TARGET = 12.1;
				MTL_ENABLE_DEBUG_INFO = INCLUDE_SOURCE;
				MTL_FAST_MATH = YES;
				ONLY_ACTIVE_ARCH = YES;
				SDKROOT = iphoneos;
				SWIFT_ACTIVE_COMPILATION_CONDITIONS = DEBUG;
				SWIFT_OPTIMIZATION_LEVEL = "-Onone";
			};
			name = Debug;
		};
		57CEEA4821C32E730025495E /* Release */ = {
			isa = XCBuildConfiguration;
			buildSettings = {
				ALWAYS_SEARCH_USER_PATHS = NO;
				CLANG_ANALYZER_NONNULL = YES;
				CLANG_ANALYZER_NUMBER_OBJECT_CONVERSION = YES_AGGRESSIVE;
				CLANG_CXX_LANGUAGE_STANDARD = "gnu++14";
				CLANG_CXX_LIBRARY = "libc++";
				CLANG_ENABLE_MODULES = YES;
				CLANG_ENABLE_OBJC_ARC = YES;
				CLANG_ENABLE_OBJC_WEAK = YES;
				CLANG_WARN_BLOCK_CAPTURE_AUTORELEASING = YES;
				CLANG_WARN_BOOL_CONVERSION = YES;
				CLANG_WARN_COMMA = YES;
				CLANG_WARN_CONSTANT_CONVERSION = YES;
				CLANG_WARN_DEPRECATED_OBJC_IMPLEMENTATIONS = YES;
				CLANG_WARN_DIRECT_OBJC_ISA_USAGE = YES_ERROR;
				CLANG_WARN_DOCUMENTATION_COMMENTS = YES;
				CLANG_WARN_EMPTY_BODY = YES;
				CLANG_WARN_ENUM_CONVERSION = YES;
				CLANG_WARN_INFINITE_RECURSION = YES;
				CLANG_WARN_INT_CONVERSION = YES;
				CLANG_WARN_NON_LITERAL_NULL_CONVERSION = YES;
				CLANG_WARN_OBJC_IMPLICIT_RETAIN_SELF = YES;
				CLANG_WARN_OBJC_LITERAL_CONVERSION = YES;
				CLANG_WARN_OBJC_ROOT_CLASS = YES_ERROR;
				CLANG_WARN_RANGE_LOOP_ANALYSIS = YES;
				CLANG_WARN_STRICT_PROTOTYPES = YES;
				CLANG_WARN_SUSPICIOUS_MOVE = YES;
				CLANG_WARN_UNGUARDED_AVAILABILITY = YES_AGGRESSIVE;
				CLANG_WARN_UNREACHABLE_CODE = YES;
				CLANG_WARN__DUPLICATE_METHOD_MATCH = YES;
				CODE_SIGN_IDENTITY = "iPhone Developer";
				COPY_PHASE_STRIP = NO;
				DEBUG_INFORMATION_FORMAT = "dwarf-with-dsym";
				ENABLE_NS_ASSERTIONS = NO;
				ENABLE_STRICT_OBJC_MSGSEND = YES;
				GCC_C_LANGUAGE_STANDARD = gnu11;
				GCC_NO_COMMON_BLOCKS = YES;
				GCC_WARN_64_TO_32_BIT_CONVERSION = YES;
				GCC_WARN_ABOUT_RETURN_TYPE = YES_ERROR;
				GCC_WARN_UNDECLARED_SELECTOR = YES;
				GCC_WARN_UNINITIALIZED_AUTOS = YES_AGGRESSIVE;
				GCC_WARN_UNUSED_FUNCTION = YES;
				GCC_WARN_UNUSED_VARIABLE = YES;
				IPHONEOS_DEPLOYMENT_TARGET = 12.1;
				MTL_ENABLE_DEBUG_INFO = NO;
				MTL_FAST_MATH = YES;
				SDKROOT = iphoneos;
				SWIFT_COMPILATION_MODE = wholemodule;
				SWIFT_OPTIMIZATION_LEVEL = "-O";
				VALIDATE_PRODUCT = YES;
			};
			name = Release;
		};
		57CEEA4A21C32E730025495E /* Debug */ = {
			isa = XCBuildConfiguration;
			buildSettings = {
				ASSETCATALOG_COMPILER_APPICON_NAME = AppIcon;
				CODE_SIGN_STYLE = Automatic;
				DEVELOPMENT_TEAM = 2BULHRS882;
				INFOPLIST_FILE = "BMI Calculator/Info.plist";
				LD_RUNPATH_SEARCH_PATHS = (
					"$(inherited)",
					"@executable_path/Frameworks",
				);
				PRODUCT_BUNDLE_IDENTIFIER = "com.centennialcollege.ca.BMI-Calculator";
				PRODUCT_NAME = "$(TARGET_NAME)";
				SWIFT_VERSION = 4.2;
				TARGETED_DEVICE_FAMILY = "1,2";
			};
			name = Debug;
		};
		57CEEA4B21C32E730025495E /* Release */ = {
			isa = XCBuildConfiguration;
			buildSettings = {
				ASSETCATALOG_COMPILER_APPICON_NAME = AppIcon;
				CODE_SIGN_STYLE = Automatic;
				DEVELOPMENT_TEAM = 2BULHRS882;
				INFOPLIST_FILE = "BMI Calculator/Info.plist";
				LD_RUNPATH_SEARCH_PATHS = (
					"$(inherited)",
					"@executable_path/Frameworks",
				);
				PRODUCT_BUNDLE_IDENTIFIER = "com.centennialcollege.ca.BMI-Calculator";
				PRODUCT_NAME = "$(TARGET_NAME)";
				SWIFT_VERSION = 4.2;
				TARGETED_DEVICE_FAMILY = "1,2";
			};
			name = Release;
		};
/* End XCBuildConfiguration section */

/* Begin XCConfigurationList section */
		57CEEA2F21C32E700025495E /* Build configuration list for PBXProject "BMI Calculator" */ = {
			isa = XCConfigurationList;
			buildConfigurations = (
				57CEEA4721C32E730025495E /* Debug */,
				57CEEA4821C32E730025495E /* Release */,
			);
			defaultConfigurationIsVisible = 0;
			defaultConfigurationName = Release;
		};
		57CEEA4921C32E730025495E /* Build configuration list for PBXNativeTarget "BMI Calculator" */ = {
			isa = XCConfigurationList;
			buildConfigurations = (
				57CEEA4A21C32E730025495E /* Debug */,
				57CEEA4B21C32E730025495E /* Release */,
			);
			defaultConfigurationIsVisible = 0;
			defaultConfigurationName = Release;
		};
/* End XCConfigurationList section */

/* Begin XCVersionGroup section */
		57CEEA3E21C32E700025495E /* BMI_Calculator.xcdatamodeld */ = {
			isa = XCVersionGroup;
			children = (
				57CEEA3F21C32E700025495E /* BMI_Calculator.xcdatamodel */,
			);
			currentVersion = 57CEEA3F21C32E700025495E /* BMI_Calculator.xcdatamodel */;
			path = BMI_Calculator.xcdatamodeld;
			sourceTree = "<group>";
			versionGroupType = wrapper.xcdatamodel;
		};
/* End XCVersionGroup section */
	};
	rootObject = 57CEEA2C21C32E700025495E /* Project object */;
}
